
Microsoft Visual Studio Solution File, Format Version 11.00
# Visual Studio 2010
Project("{FAE04EC0-301F-11D3-BF4B-00C04F79EFBC}") = "FixedBuffer", "FixedBuffer\FixedBuffer.csproj", "{4540489A-9A47-44AC-A23A-484CD1ABCD08}"
EndProject
Project("{FAE04EC0-301F-11D3-BF4B-00C04F79EFBC}") = "BufferSmoothing", "BufferSmoothing\BufferSmoothing.csproj", "{B7137145-07FC-4B1D-8582-833F1049E45F}"
EndProject
Project("{FAE04EC0-301F-11D3-BF4B-00C04F79EFBC}") = "AverageByTime", "AverageByTime\AverageByTime.csproj", "{C64B681F-8E9C-47B5-AEEF-9EDFFEB17A0D}"
EndProject
Project("{FAE04EC0-301F-11D3-BF4B-00C04F79EFBC}") = "AverageByTimeCount", "AverageByTimeCount\AverageByTimeCount.csproj", "{26EB2AEF-A10B-4EAB-96E4-8F1E5FD9D0E4}"
EndProject
Project("{FAE04EC0-301F-11D3-BF4B-00C04F79EFBC}") = "FixedWindow", "FixedWindow\FixedWindow.csproj", "{1BF2B84F-DEDF-4FEA-82D8-7411B7EDC8B3}"
EndProject
Project("{FAE04EC0-301F-11D3-BF4B-00C04F79EFBC}") = "WindowWithSkip", "WindowWithSkip\WindowWithSkip.csproj", "{9EFBE610-1E06-47A3-BAD8-3A513F373337}"
EndProject
Global
	GlobalSection(SolutionConfigurationPlatforms) = preSolution
		Debug|x86 = Debug|x86
		Release|x86 = Release|x86
	EndGlobalSection
	GlobalSection(ProjectConfigurationPlatforms) = postSolution
		{4540489A-9A47-44AC-A23A-484CD1ABCD08}.Debug|x86.ActiveCfg = Debug|x86
		{4540489A-9A47-44AC-A23A-484CD1ABCD08}.Debug|x86.Build.0 = Debug|x86
		{4540489A-9A47-44AC-A23A-484CD1ABCD08}.Release|x86.ActiveCfg = Release|x86
		{4540489A-9A47-44AC-A23A-484CD1ABCD08}.Release|x86.Build.0 = Release|x86
		{B7137145-07FC-4B1D-8582-833F1049E45F}.Debug|x86.ActiveCfg = Debug|x86
		{B7137145-07FC-4B1D-8582-833F1049E45F}.Debug|x86.Build.0 = Debug|x86
		{B7137145-07FC-4B1D-8582-833F1049E45F}.Release|x86.ActiveCfg = Release|x86
		{B7137145-07FC-4B1D-8582-833F1049E45F}.Release|x86.Build.0 = Release|x86
		{C64B681F-8E9C-47B5-AEEF-9EDFFEB17A0D}.Debug|x86.ActiveCfg = Debug|x86
		{C64B681F-8E9C-47B5-AEEF-9EDFFEB17A0D}.Debug|x86.Build.0 = Debug|x86
		{C64B681F-8E9C-47B5-AEEF-9EDFFEB17A0D}.Release|x86.ActiveCfg = Release|x86
		{C64B681F-8E9C-47B5-AEEF-9EDFFEB17A0D}.Release|x86.Build.0 = Release|x86
		{26EB2AEF-A10B-4EAB-96E4-8F1E5FD9D0E4}.Debug|x86.ActiveCfg = Debug|x86
		{26EB2AEF-A10B-4EAB-96E4-8F1E5FD9D0E4}.Debug|x86.Build.0 = Debug|x86
		{26EB2AEF-A10B-4EAB-96E4-8F1E5FD9D0E4}.Release|x86.ActiveCfg = Release|x86
		{26EB2AEF-A10B-4EAB-96E4-8F1E5FD9D0E4}.Release|x86.Build.0 = Release|x86
		{1BF2B84F-DEDF-4FEA-82D8-7411B7EDC8B3}.Debug|x86.ActiveCfg = Debug|x86
		{1BF2B84F-DEDF-4FEA-82D8-7411B7EDC8B3}.Debug|x86.Build.0 = Debug|x86
		{1BF2B84F-DEDF-4FEA-82D8-7411B7EDC8B3}.Release|x86.ActiveCfg = Release|x86
		{1BF2B84F-DEDF-4FEA-82D8-7411B7EDC8B3}.Release|x86.Build.0 = Release|x86
		{9EFBE610-1E06-47A3-BAD8-3A513F373337}.Debug|x86.ActiveCfg = Debug|x86
		{9EFBE610-1E06-47A3-BAD8-3A513F373337}.Debug|x86.Build.0 = Debug|x86
		{9EFBE610-1E06-47A3-BAD8-3A513F373337}.Release|x86.ActiveCfg = Release|x86
		{9EFBE610-1E06-47A3-BAD8-3A513F373337}.Release|x86.Build.0 = Release|x86
	EndGlobalSection
	GlobalSection(SolutionProperties) = preSolution
		HideSolutionNode = FALSE
	EndGlobalSection
EndGlobal
